
Microsoft Visual Studio Solution File, Format Version 12.00
# Visual Studio Version 17
VisualStudioVersion = 17.7.34031.279
MinimumVisualStudioVersion = 10.0.40219.1
Project("{FAE04EC0-301F-11D3-BF4B-00C04F79EFBC}") = "Documents", "Documents\Documents.csproj", "{ED54C054-F0F9-4D9F-826C-64F47595D43F}"
EndProject
Project("{FAE04EC0-301F-11D3-BF4B-00C04F79EFBC}") = "Mail", "Mail\Mail.csproj", "{CC28FECB-0960-4247-9E5A-72436B6DA2BA}"
EndProject
Project("{FAE04EC0-301F-11D3-BF4B-00C04F79EFBC}") = "CommonDotNet", "CommonDotNet\CommonDotNet.csproj", "{7D7841EB-D92B-4F5F-8768-D29AB7542481}"
EndProject
Project("{C7167F0D-BC9F-4E6E-AFE1-012C56B48DB5}") = "OfficeSuiteInstaller", "OfficeSuiteInstaller\OfficeSuiteInstaller.wapproj", "{BBF28D80-0F39-4C9D-A7E0-0BC9DAE02E4D}"
EndProject
Global
	GlobalSection(SolutionConfigurationPlatforms) = preSolution
		Debug|Any CPU = Debug|Any CPU
		Debug|ARM = Debug|ARM
		Debug|ARM64 = Debug|ARM64
		Debug|x64 = Debug|x64
		Debug|x86 = Debug|x86
		Release|Any CPU = Release|Any CPU
		Release|ARM = Release|ARM
		Release|ARM64 = Release|ARM64
		Release|x64 = Release|x64
		Release|x86 = Release|x86
	EndGlobalSection
	GlobalSection(ProjectConfigurationPlatforms) = postSolution
		{ED54C054-F0F9-4D9F-826C-64F47595D43F}.Debug|Any CPU.ActiveCfg = Debug|Any CPU
		{ED54C054-F0F9-4D9F-826C-64F47595D43F}.Debug|Any CPU.Build.0 = Debug|Any CPU
		{ED54C054-F0F9-4D9F-826C-64F47595D43F}.Debug|ARM.ActiveCfg = Debug|Any CPU
		{ED54C054-F0F9-4D9F-826C-64F47595D43F}.Debug|ARM.Build.0 = Debug|Any CPU
		{ED54C054-F0F9-4D9F-826C-64F47595D43F}.Debug|ARM64.ActiveCfg = Debug|Any CPU
		{ED54C054-F0F9-4D9F-826C-64F47595D43F}.Debug|ARM64.Build.0 = Debug|Any CPU
		{ED54C054-F0F9-4D9F-826C-64F47595D43F}.Debug|x64.ActiveCfg = Debug|Any CPU
		{ED54C054-F0F9-4D9F-826C-64F47595D43F}.Debug|x64.Build.0 = Debug|Any CPU
		{ED54C054-F0F9-4D9F-826C-64F47595D43F}.Debug|x86.ActiveCfg = Debug|Any CPU
		{ED54C054-F0F9-4D9F-826C-64F47595D43F}.Debug|x86.Build.0 = Debug|Any CPU
		{ED54C054-F0F9-4D9F-826C-64F47595D43F}.Release|Any CPU.ActiveCfg = Release|Any CPU
		{ED54C054-F0F9-4D9F-826C-64F47595D43F}.Release|Any CPU.Build.0 = Release|Any CPU
		{ED54C054-F0F9-4D9F-826C-64F47595D43F}.Release|ARM.ActiveCfg = Release|Any CPU
		{ED54C054-F0F9-4D9F-826C-64F47595D43F}.Release|ARM.Build.0 = Release|Any CPU
		{ED54C054-F0F9-4D9F-826C-64F47595D43F}.Release|ARM64.ActiveCfg = Release|Any CPU
		{ED54C054-F0F9-4D9F-826C-64F47595D43F}.Release|ARM64.Build.0 = Release|Any CPU
		{ED54C054-F0F9-4D9F-826C-64F47595D43F}.Release|x64.ActiveCfg = Release|Any CPU
		{ED54C054-F0F9-4D9F-826C-64F47595D43F}.Release|x64.Build.0 = Release|Any CPU
		{ED54C054-F0F9-4D9F-826C-64F47595D43F}.Release|x86.ActiveCfg = Release|Any CPU
		{ED54C054-F0F9-4D9F-826C-64F47595D43F}.Release|x86.Build.0 = Release|Any CPU
		{CC28FECB-0960-4247-9E5A-72436B6DA2BA}.Debug|Any CPU.ActiveCfg = Debug|Any CPU
		{CC28FECB-0960-4247-9E5A-72436B6DA2BA}.Debug|Any CPU.Build.0 = Debug|Any CPU
		{CC28FECB-0960-4247-9E5A-72436B6DA2BA}.Debug|ARM.ActiveCfg = Debug|Any CPU
		{CC28FECB-0960-4247-9E5A-72436B6DA2BA}.Debug|ARM.Build.0 = Debug|Any CPU
		{CC28FECB-0960-4247-9E5A-72436B6DA2BA}.Debug|ARM64.ActiveCfg = Debug|Any CPU
		{CC28FECB-0960-4247-9E5A-72436B6DA2BA}.Debug|ARM64.Build.0 = Debug|Any CPU
		{CC28FECB-0960-4247-9E5A-72436B6DA2BA}.Debug|x64.ActiveCfg = Debug|Any CPU
		{CC28FECB-0960-4247-9E5A-72436B6DA2BA}.Debug|x64.Build.0 = Debug|Any CPU
		{CC28FECB-0960-4247-9E5A-72436B6DA2BA}.Debug|x86.ActiveCfg = Debug|Any CPU
		{CC28FECB-0960-4247-9E5A-72436B6DA2BA}.Debug|x86.Build.0 = Debug|Any CPU
		{CC28FECB-0960-4247-9E5A-72436B6DA2BA}.Release|Any CPU.ActiveCfg = Release|Any CPU
		{CC28FECB-0960-4247-9E5A-72436B6DA2BA}.Release|Any CPU.Build.0 = Release|Any CPU
		{CC28FECB-0960-4247-9E5A-72436B6DA2BA}.Release|ARM.ActiveCfg = Release|Any CPU
		{CC28FECB-0960-4247-9E5A-72436B6DA2BA}.Release|ARM.Build.0 = Release|Any CPU
		{CC28FECB-0960-4247-9E5A-72436B6DA2BA}.Release|ARM64.ActiveCfg = Release|Any CPU
		{CC28FECB-0960-4247-9E5A-72436B6DA2BA}.Release|ARM64.Build.0 = Release|Any CPU
		{CC28FECB-0960-4247-9E5A-72436B6DA2BA}.Release|x64.ActiveCfg = Release|Any CPU
		{CC28FECB-0960-4247-9E5A-72436B6DA2BA}.Release|x64.Build.0 = Release|Any CPU
		{CC28FECB-0960-4247-9E5A-72436B6DA2BA}.Release|x86.ActiveCfg = Release|Any CPU
		{CC28FECB-0960-4247-9E5A-72436B6DA2BA}.Release|x86.Build.0 = Release|Any CPU
		{7D7841EB-D92B-4F5F-8768-D29AB7542481}.Debug|Any CPU.ActiveCfg = Debug|Any CPU
		{7D7841EB-D92B-4F5F-8768-D29AB7542481}.Debug|Any CPU.Build.0 = Debug|Any CPU
		{7D7841EB-D92B-4F5F-8768-D29AB7542481}.Debug|ARM.ActiveCfg = Debug|Any CPU
		{7D7841EB-D92B-4F5F-8768-D29AB7542481}.Debug|ARM.Build.0 = Debug|Any CPU
		{7D7841EB-D92B-4F5F-8768-D29AB7542481}.Debug|ARM64.ActiveCfg = Debug|Any CPU
		{7D7841EB-D92B-4F5F-8768-D29AB7542481}.Debug|ARM64.Build.0 = Debug|Any CPU
		{7D7841EB-D92B-4F5F-8768-D29AB7542481}.Debug|x64.ActiveCfg = Debug|Any CPU
		{7D7841EB-D92B-4F5F-8768-D29AB7542481}.Debug|x64.Build.0 = Debug|Any CPU
		{7D7841EB-D92B-4F5F-8768-D29AB7542481}.Debug|x86.ActiveCfg = Debug|Any CPU
		{7D7841EB-D92B-4F5F-8768-D29AB7542481}.Debug|x86.Build.0 = Debug|Any CPU
		{7D7841EB-D92B-4F5F-8768-D29AB7542481}.Release|Any CPU.ActiveCfg = Release|Any CPU
		{7D7841EB-D92B-4F5F-8768-D29AB7542481}.Release|Any CPU.Build.0 = Release|Any CPU
		{7D7841EB-D92B-4F5F-8768-D29AB7542481}.Release|ARM.ActiveCfg = Release|Any CPU
		{7D7841EB-D92B-4F5F-8768-D29AB7542481}.Release|ARM.Build.0 = Release|Any CPU
		{7D7841EB-D92B-4F5F-8768-D29AB7542481}.Release|ARM64.ActiveCfg = Release|Any CPU
		{7D7841EB-D92B-4F5F-8768-D29AB7542481}.Release|ARM64.Build.0 = Release|Any CPU
		{7D7841EB-D92B-4F5F-8768-D29AB7542481}.Release|x64.ActiveCfg = Release|Any CPU
		{7D7841EB-D92B-4F5F-8768-D29AB7542481}.Release|x64.Build.0 = Release|Any CPU
		{7D7841EB-D92B-4F5F-8768-D29AB7542481}.Release|x86.ActiveCfg = Release|Any CPU
		{7D7841EB-D92B-4F5F-8768-D29AB7542481}.Release|x86.Build.0 = Release|Any CPU
		{BBF28D80-0F39-4C9D-A7E0-0BC9DAE02E4D}.Debug|Any CPU.ActiveCfg = Debug|Any CPU
		{BBF28D80-0F39-4C9D-A7E0-0BC9DAE02E4D}.Debug|Any CPU.Build.0 = Debug|Any CPU
		{BBF28D80-0F39-4C9D-A7E0-0BC9DAE02E4D}.Debug|Any CPU.Deploy.0 = Debug|Any CPU
		{BBF28D80-0F39-4C9D-A7E0-0BC9DAE02E4D}.Debug|ARM.ActiveCfg = Debug|ARM
		{BBF28D80-0F39-4C9D-A7E0-0BC9DAE02E4D}.Debug|ARM.Build.0 = Debug|ARM
		{BBF28D80-0F39-4C9D-A7E0-0BC9DAE02E4D}.Debug|ARM.Deploy.0 = Debug|ARM
		{BBF28D80-0F39-4C9D-A7E0-0BC9DAE02E4D}.Debug|ARM64.ActiveCfg = Debug|ARM64
		{BBF28D80-0F39-4C9D-A7E0-0BC9DAE02E4D}.Debug|ARM64.Build.0 = Debug|ARM64
		{BBF28D80-0F39-4C9D-A7E0-0BC9DAE02E4D}.Debug|ARM64.Deploy.0 = Debug|ARM64
		{BBF28D80-0F39-4C9D-A7E0-0BC9DAE02E4D}.Debug|x64.ActiveCfg = Debug|x64
		{BBF28D80-0F39-4C9D-A7E0-0BC9DAE02E4D}.Debug|x64.Build.0 = Debug|x64
		{BBF28D80-0F39-4C9D-A7E0-0BC9DAE02E4D}.Debug|x64.Deploy.0 = Debug|x64
		{BBF28D80-0F39-4C9D-A7E0-0BC9DAE02E4D}.Debug|x86.ActiveCfg = Debug|x86
		{BBF28D80-0F39-4C9D-A7E0-0BC9DAE02E4D}.Debug|x86.Build.0 = Debug|x86
		{BBF28D80-0F39-4C9D-A7E0-0BC9DAE02E4D}.Debug|x86.Deploy.0 = Debug|x86
		{BBF28D80-0F39-4C9D-A7E0-0BC9DAE02E4D}.Release|Any CPU.ActiveCfg = Release|Any CPU
		{BBF28D80-0F39-4C9D-A7E0-0BC9DAE02E4D}.Release|Any CPU.Build.0 = Release|Any CPU
		{BBF28D80-0F39-4C9D-A7E0-0BC9DAE02E4D}.Release|Any CPU.Deploy.0 = Release|Any CPU
		{BBF28D80-0F39-4C9D-A7E0-0BC9DAE02E4D}.Release|ARM.ActiveCfg = Release|ARM
		{BBF28D80-0F39-4C9D-A7E0-0BC9DAE02E4D}.Release|ARM.Build.0 = Release|ARM
		{BBF28D80-0F39-4C9D-A7E0-0BC9DAE02E4D}.Release|ARM.Deploy.0 = Release|ARM
		{BBF28D80-0F39-4C9D-A7E0-0BC9DAE02E4D}.Release|ARM64.ActiveCfg = Release|ARM64
		{BBF28D80-0F39-4C9D-A7E0-0BC9DAE02E4D}.Release|ARM64.Build.0 = Release|ARM64
		{BBF28D80-0F39-4C9D-A7E0-0BC9DAE02E4D}.Release|ARM64.Deploy.0 = Release|ARM64
		{BBF28D80-0F39-4C9D-A7E0-0BC9DAE02E4D}.Release|x64.ActiveCfg = Release|x64
		{BBF28D80-0F39-4C9D-A7E0-0BC9DAE02E4D}.Release|x64.Build.0 = Release|x64
		{BBF28D80-0F39-4C9D-A7E0-0BC9DAE02E4D}.Release|x64.Deploy.0 = Release|x64
		{BBF28D80-0F39-4C9D-A7E0-0BC9DAE02E4D}.Release|x86.ActiveCfg = Release|x86
		{BBF28D80-0F39-4C9D-A7E0-0BC9DAE02E4D}.Release|x86.Build.0 = Release|x86
		{BBF28D80-0F39-4C9D-A7E0-0BC9DAE02E4D}.Release|x86.Deploy.0 = Release|x86
	EndGlobalSection
	GlobalSection(SolutionProperties) = preSolution
		HideSolutionNode = FALSE
	EndGlobalSection
	GlobalSection(ExtensibilityGlobals) = postSolution
		SolutionGuid = {8D9FDCD5-4C4C-4514-9E21-99938A75A6D8}
	EndGlobalSection
EndGlobal
